
Microsoft Visual Studio Solution File, Format Version 12.00
# Visual Studio Version 17
VisualStudioVersion = 17.9.34728.123
MinimumVisualStudioVersion = 10.0.40219.1
Project("{FAE04EC0-301F-11D3-BF4B-00C04F79EFBC}") = "DataBaseLayer", "DataBaseLayer\DataBaseLayer.csproj", "{28D5F066-1926-4ED7-B168-B463E7CD92D5}"
EndProject
Project("{FAE04EC0-301F-11D3-BF4B-00C04F79EFBC}") = "Hell", "Hell\Hell.csproj", "{30FD7A15-9DA6-420A-BD3A-ED1B9475E458}"
EndProject
Global
	GlobalSection(SolutionConfigurationPlatforms) = preSolution
		Debug|Any CPU = Debug|Any CPU
		Release|Any CPU = Release|Any CPU
	EndGlobalSection
	GlobalSection(ProjectConfigurationPlatforms) = postSolution
		{28D5F066-1926-4ED7-B168-B463E7CD92D5}.Debug|Any CPU.ActiveCfg = Debug|Any CPU
		{28D5F066-1926-4ED7-B168-B463E7CD92D5}.Debug|Any CPU.Build.0 = Debug|Any CPU
		{28D5F066-1926-4ED7-B168-B463E7CD92D5}.Release|Any CPU.ActiveCfg = Release|Any CPU
		{28D5F066-1926-4ED7-B168-B463E7CD92D5}.Release|Any CPU.Build.0 = Release|Any CPU
		{30FD7A15-9DA6-420A-BD3A-ED1B9475E458}.Debug|Any CPU.ActiveCfg = Debug|Any CPU
		{30FD7A15-9DA6-420A-BD3A-ED1B9475E458}.Debug|Any CPU.Build.0 = Debug|Any CPU
		{30FD7A15-9DA6-420A-BD3A-ED1B9475E458}.Release|Any CPU.ActiveCfg = Release|Any CPU
		{30FD7A15-9DA6-420A-BD3A-ED1B9475E458}.Release|Any CPU.Build.0 = Release|Any CPU
	EndGlobalSection
	GlobalSection(SolutionProperties) = preSolution
		HideSolutionNode = FALSE
	EndGlobalSection
	GlobalSection(ExtensibilityGlobals) = postSolution
		SolutionGuid = {0D740D7D-394A-4018-BAA2-F82A91CFEBD8}
	EndGlobalSection
EndGlobal
